PODS:
  - AWSCognito (2.2.6):
    - AWSCore (= 2.2.6)
  - AWSCore (2.2.6)
  - AWSLambda (2.2.6):
    - AWSCore (= 2.2.6)
  - AWSS3 (2.2.6):
    - AWSCore (= 2.2.6)
  - CSStickyHeaderFlowLayout (0.2.8)
  - Fabric (1.2.8):
    - Fabric/Base (= 1.2.8)
  - Fabric/Base (1.2.8)
  - Firebase (2.3.3)
  - OpenTok (2.6.0)
  - TwitterCore (1.8.1)
  - TwitterKit (1.8.1)

DEPENDENCIES:
  - AWSCognito (= 2.2.6)
  - AWSCore (= 2.2.6)
  - AWSLambda (= 2.2.6)
  - AWSS3 (= 2.2.6)
  - CSStickyHeaderFlowLayout (= 0.2.8)
  - Fabric
  - Firebase (= 2.3.3)
  - OpenTok (= 2.6)
  - TwitterCore (= 1.8.1)
  - TwitterKit (= 1.8.1)

SPEC CHECKSUMS:
  AWSCognito: 4cb0bd389dedf6673048609408577bb6c871422b
  AWSCore: dd05203bf44d45b58b7667754ce4fa6f1bdb1c3e
  AWSLambda: e8559b162b6dc3ae02dc7234d7143b23c80cd164
  AWSS3: a8aeb5f8224236c2b1b46fdab14add3eff971fc4
  CSStickyHeaderFlowLayout: e919dd425fa12bba1155f66d87edfe540eb8f89a
  Fabric: a9eabe53915e9f1db55a84dd2838737928675878
  Firebase: 2db60272f68ce40c7d47e5ae6eddc16977c65d4c
  OpenTok: 2b99bd75055554f4028735fa84e4242e4932d245
  TwitterCore: 0a26fb8054bc23d8986344d3dcb6602255b6aec5
  TwitterKit: 88daaebdb8bfb5847d76d8ae159841248427931d

COCOAPODS: 0.38.2
